
Microsoft Visual Studio Solution File, Format Version 12.00
# Visual Studio Version 17
VisualStudioVersion = 17.2.32317.152
MinimumVisualStudioVersion = 10.0.40219.1
Project("{9A19103F-16F7-4668-BE54-9A1E7A4F7556}") = "ChainingAssertion.NUnit", "ChainingAssertion.NUnit\ChainingAssertion.NUnit.csproj", "{4C91BCE7-FF90-4BDA-BD79-9E84CB48C8B5}"
EndProject
Project("{9A19103F-16F7-4668-BE54-9A1E7A4F7556}") = "ChainingAssertion.NUnit.UnitTest", "ChainingAssertion.NUnit.UnitTest\ChainingAssertion.NUnit.UnitTest.csproj", "{6915C77C-0647-4C7E-9CB4-F01A1CFC8FBA}"
EndProject
Project("{2150E333-8FDC-42A3-9474-1A3956D46DE8}") = "Solution Items", "Solution Items", "{4188DE8B-97BA-45C0-8789-A0D77029E065}"
	ProjectSection(SolutionItems) = preProject
		LiCENSE = LiCENSE
		README.md = README.md
		.github\workflows\unit-tests-for-nunit.yml = .github\workflows\unit-tests-for-nunit.yml
	EndProjectSection
EndProject
Project("{D954291E-2A0B-460D-934E-DC6B0785DB48}") = "ChainingAssertion.Shared", "ChainingAssertion.Shared\ChainingAssertion.Shared.shproj", "{9C2A633E-BEF7-4229-A6DE-03A4F9CD3BE6}"
EndProject
Global
	GlobalSection(SolutionConfigurationPlatforms) = preSolution
		Debug|Any CPU = Debug|Any CPU
		Release|Any CPU = Release|Any CPU
	EndGlobalSection
	GlobalSection(ProjectConfigurationPlatforms) = postSolution
		{4C91BCE7-FF90-4BDA-BD79-9E84CB48C8B5}.Debug|Any CPU.ActiveCfg = Debug|Any CPU
		{4C91BCE7-FF90-4BDA-BD79-9E84CB48C8B5}.Debug|Any CPU.Build.0 = Debug|Any CPU
		{4C91BCE7-FF90-4BDA-BD79-9E84CB48C8B5}.Release|Any CPU.ActiveCfg = Release|Any CPU
		{4C91BCE7-FF90-4BDA-BD79-9E84CB48C8B5}.Release|Any CPU.Build.0 = Release|Any CPU
		{6915C77C-0647-4C7E-9CB4-F01A1CFC8FBA}.Debug|Any CPU.ActiveCfg = Debug|Any CPU
		{6915C77C-0647-4C7E-9CB4-F01A1CFC8FBA}.Debug|Any CPU.Build.0 = Debug|Any CPU
		{6915C77C-0647-4C7E-9CB4-F01A1CFC8FBA}.Release|Any CPU.ActiveCfg = Release|Any CPU
		{6915C77C-0647-4C7E-9CB4-F01A1CFC8FBA}.Release|Any CPU.Build.0 = Release|Any CPU
	EndGlobalSection
	GlobalSection(SolutionProperties) = preSolution
		HideSolutionNode = FALSE
	EndGlobalSection
	GlobalSection(ExtensibilityGlobals) = postSolution
		SolutionGuid = {4705F1C6-E508-4D3C-B742-7213794A61AD}
	EndGlobalSection
	GlobalSection(SharedMSBuildProjectFiles) = preSolution
		ChainingAssertion.Shared\ChainingAssertion.Shared.projitems*{4c91bce7-ff90-4bda-bd79-9e84cb48c8b5}*SharedItemsImports = 5
		ChainingAssertion.Shared\ChainingAssertion.Shared.projitems*{9c2a633e-bef7-4229-a6de-03a4f9cd3be6}*SharedItemsImports = 13
	EndGlobalSection
EndGlobal
