
Microsoft Visual Studio Solution File, Format Version 12.00
# Visual Studio 15
VisualStudioVersion = 15.0.26430.12
MinimumVisualStudioVersion = 10.0.40219.1
Project("{FAE04EC0-301F-11D3-BF4B-00C04F79EFBC}") = "ChainingAssertion", "ChainingAssertion\ChainingAssertion.csproj", "{1B7277C5-58BB-4E42-BB8D-72DD12DCD28E}"
	ProjectSection(ProjectDependencies) = postProject
		{491677A6-28A9-4A63-BC7C-B077706F43DE} = {491677A6-28A9-4A63-BC7C-B077706F43DE}
		{1E2850BD-25A4-4857-BFB4-B19900A0130F} = {1E2850BD-25A4-4857-BFB4-B19900A0130F}
		{41939DF9-15F6-4761-AF05-A242DA5A0B03} = {41939DF9-15F6-4761-AF05-A242DA5A0B03}
	EndProjectSection
EndProject
Project("{FAE04EC0-301F-11D3-BF4B-00C04F79EFBC}") = "ChainingAssertion.xUnit", "ChainingAssertion.xUnit\ChainingAssertion.xUnit.csproj", "{1349E9DA-1B25-40D4-88DA-64923461765A}"
	ProjectSection(ProjectDependencies) = postProject
		{5D7DE9A3-1E74-44F9-9022-CC59B045D303} = {5D7DE9A3-1E74-44F9-9022-CC59B045D303}
	EndProjectSection
EndProject
Project("{FAE04EC0-301F-11D3-BF4B-00C04F79EFBC}") = "ChainingAssertion.NUnit", "ChainingAssertion.NUnit\ChainingAssertion.NUnit.csproj", "{A92B00E2-4940-4323-A230-93F0D19E21E1}"
	ProjectSection(ProjectDependencies) = postProject
		{63C17E1B-CFA8-47DF-AF9E-0295E94A3988} = {63C17E1B-CFA8-47DF-AF9E-0295E94A3988}
	EndProjectSection
EndProject
Project("{FAE04EC0-301F-11D3-BF4B-00C04F79EFBC}") = "ChainingAssertion.MbUnit", "ChainingAssertion.MbUnit\ChainingAssertion.MbUnit.csproj", "{C63A6CEB-3673-4113-96BF-0DD22A6075BA}"
EndProject
Project("{2150E333-8FDC-42A3-9474-1A3956D46DE8}") = "File", "File", "{B75A0492-D825-4AC4-9710-C455AB2B0102}"
	ProjectSection(SolutionItems) = preProject
		File\ReadMe.txt = File\ReadMe.txt
	EndProjectSection
EndProject
Project("{2150E333-8FDC-42A3-9474-1A3956D46DE8}") = "NuGet", "NuGet", "{35C4E14F-653A-4626-84B6-0487F0E55230}"
	ProjectSection(SolutionItems) = preProject
		File\NuGet\ChainingAssertion-MbUnit.nuspec = File\NuGet\ChainingAssertion-MbUnit.nuspec
		File\NuGet\ChainingAssertion-NUnit.nuspec = File\NuGet\ChainingAssertion-NUnit.nuspec
		File\NuGet\ChainingAssertion-xUnit.nuspec = File\NuGet\ChainingAssertion-xUnit.nuspec
		File\NuGet\ChainingAssertion.nuspec = File\NuGet\ChainingAssertion.nuspec
		File\NuGet\NuGet.exe = File\NuGet\NuGet.exe
		File\NuGet\package.bat = File\NuGet\package.bat
		File\NuGet\push.bat = File\NuGet\push.bat
		File\zippack.fsx = File\zippack.fsx
	EndProjectSection
EndProject
Project("{FAE04EC0-301F-11D3-BF4B-00C04F79EFBC}") = "ChainingAssertion.MSTest.NETFX40", "ChainingAssertion.MSTest.NETFX40\ChainingAssertion.MSTest.NETFX40.csproj", "{1E2850BD-25A4-4857-BFB4-B19900A0130F}"
EndProject
Project("{FAE04EC0-301F-11D3-BF4B-00C04F79EFBC}") = "ChainingAssertion.MSTest.Core", "ChainingAssertion.MSTest.Core\ChainingAssertion.MSTest.Core.csproj", "{41939DF9-15F6-4761-AF05-A242DA5A0B03}"
EndProject
Project("{9A19103F-16F7-4668-BE54-9A1E7A4F7556}") = "ChainingAssertion.MSTest.Core.UnitTest", "ChainingAssertion.MSTest.Core.UnitTest\ChainingAssertion.MSTest.Core.UnitTest.csproj", "{C1AAB70B-A3EB-4332-AA78-BDEF400E8ED0}"
EndProject
Project("{FAE04EC0-301F-11D3-BF4B-00C04F79EFBC}") = "ChainingAssertion.xUnit.Core", "ChainingAssertion.xUnit.Core\ChainingAssertion.xUnit.Core.csproj", "{5D7DE9A3-1E74-44F9-9022-CC59B045D303}"
EndProject
Project("{FAE04EC0-301F-11D3-BF4B-00C04F79EFBC}") = "ChainingAssertion.xUnit.Core.UnitTest", "ChainingAssertion.xUnit.Core.UnitTest\ChainingAssertion.xUnit.Core.UnitTest.csproj", "{24054B60-1E65-4BE1-A19B-F9C2D83A4B91}"
EndProject
Project("{FAE04EC0-301F-11D3-BF4B-00C04F79EFBC}") = "ChainingAssertion.NUnit.Core", "ChainingAssertion.NUnit.Core\ChainingAssertion.NUnit.Core.csproj", "{63C17E1B-CFA8-47DF-AF9E-0295E94A3988}"
EndProject
Project("{FAE04EC0-301F-11D3-BF4B-00C04F79EFBC}") = "ChainingAssertion.NUnit.Core.UnitTest", "ChainingAssertion.NUnit.Core.UnitTest\ChainingAssertion.NUnit.Core.UnitTest.csproj", "{22C94BEA-990C-424C-833F-A2EF56E3F3C0}"
EndProject
Project("{FAE04EC0-301F-11D3-BF4B-00C04F79EFBC}") = "ChainingAssertion.MSTest", "ChainingAssertion.MSTest\ChainingAssertion.MSTest.csproj", "{491677A6-28A9-4A63-BC7C-B077706F43DE}"
EndProject
Project("{FAE04EC0-301F-11D3-BF4B-00C04F79EFBC}") = "ChainingAssertion.MSTest.UnitTest", "ChainingAssertion.MSTest.UnitTest\ChainingAssertion.MSTest.UnitTest.csproj", "{EA1ED85C-1A0B-4F62-AECF-C9E8265B511F}"
EndProject
Global
	GlobalSection(SolutionConfigurationPlatforms) = preSolution
		Debug|Any CPU = Debug|Any CPU
		Release|Any CPU = Release|Any CPU
	EndGlobalSection
	GlobalSection(ProjectConfigurationPlatforms) = postSolution
		{1B7277C5-58BB-4E42-BB8D-72DD12DCD28E}.Debug|Any CPU.ActiveCfg = Debug|Any CPU
		{1B7277C5-58BB-4E42-BB8D-72DD12DCD28E}.Debug|Any CPU.Build.0 = Debug|Any CPU
		{1B7277C5-58BB-4E42-BB8D-72DD12DCD28E}.Release|Any CPU.ActiveCfg = Release|Any CPU
		{1B7277C5-58BB-4E42-BB8D-72DD12DCD28E}.Release|Any CPU.Build.0 = Release|Any CPU
		{1349E9DA-1B25-40D4-88DA-64923461765A}.Debug|Any CPU.ActiveCfg = Debug|Any CPU
		{1349E9DA-1B25-40D4-88DA-64923461765A}.Debug|Any CPU.Build.0 = Debug|Any CPU
		{1349E9DA-1B25-40D4-88DA-64923461765A}.Release|Any CPU.ActiveCfg = Release|Any CPU
		{1349E9DA-1B25-40D4-88DA-64923461765A}.Release|Any CPU.Build.0 = Release|Any CPU
		{A92B00E2-4940-4323-A230-93F0D19E21E1}.Debug|Any CPU.ActiveCfg = Debug|Any CPU
		{A92B00E2-4940-4323-A230-93F0D19E21E1}.Debug|Any CPU.Build.0 = Debug|Any CPU
		{A92B00E2-4940-4323-A230-93F0D19E21E1}.Release|Any CPU.ActiveCfg = Release|Any CPU
		{A92B00E2-4940-4323-A230-93F0D19E21E1}.Release|Any CPU.Build.0 = Release|Any CPU
		{C63A6CEB-3673-4113-96BF-0DD22A6075BA}.Debug|Any CPU.ActiveCfg = Debug|Any CPU
		{C63A6CEB-3673-4113-96BF-0DD22A6075BA}.Debug|Any CPU.Build.0 = Debug|Any CPU
		{C63A6CEB-3673-4113-96BF-0DD22A6075BA}.Release|Any CPU.ActiveCfg = Release|Any CPU
		{C63A6CEB-3673-4113-96BF-0DD22A6075BA}.Release|Any CPU.Build.0 = Release|Any CPU
		{1E2850BD-25A4-4857-BFB4-B19900A0130F}.Debug|Any CPU.ActiveCfg = Debug|Any CPU
		{1E2850BD-25A4-4857-BFB4-B19900A0130F}.Debug|Any CPU.Build.0 = Debug|Any CPU
		{1E2850BD-25A4-4857-BFB4-B19900A0130F}.Release|Any CPU.ActiveCfg = Release|Any CPU
		{1E2850BD-25A4-4857-BFB4-B19900A0130F}.Release|Any CPU.Build.0 = Release|Any CPU
		{41939DF9-15F6-4761-AF05-A242DA5A0B03}.Debug|Any CPU.ActiveCfg = Debug|Any CPU
		{41939DF9-15F6-4761-AF05-A242DA5A0B03}.Debug|Any CPU.Build.0 = Debug|Any CPU
		{41939DF9-15F6-4761-AF05-A242DA5A0B03}.Release|Any CPU.ActiveCfg = Release|Any CPU
		{41939DF9-15F6-4761-AF05-A242DA5A0B03}.Release|Any CPU.Build.0 = Release|Any CPU
		{C1AAB70B-A3EB-4332-AA78-BDEF400E8ED0}.Debug|Any CPU.ActiveCfg = Debug|Any CPU
		{C1AAB70B-A3EB-4332-AA78-BDEF400E8ED0}.Debug|Any CPU.Build.0 = Debug|Any CPU
		{C1AAB70B-A3EB-4332-AA78-BDEF400E8ED0}.Release|Any CPU.ActiveCfg = Release|Any CPU
		{C1AAB70B-A3EB-4332-AA78-BDEF400E8ED0}.Release|Any CPU.Build.0 = Release|Any CPU
		{5D7DE9A3-1E74-44F9-9022-CC59B045D303}.Debug|Any CPU.ActiveCfg = Debug|Any CPU
		{5D7DE9A3-1E74-44F9-9022-CC59B045D303}.Debug|Any CPU.Build.0 = Debug|Any CPU
		{5D7DE9A3-1E74-44F9-9022-CC59B045D303}.Release|Any CPU.ActiveCfg = Release|Any CPU
		{5D7DE9A3-1E74-44F9-9022-CC59B045D303}.Release|Any CPU.Build.0 = Release|Any CPU
		{24054B60-1E65-4BE1-A19B-F9C2D83A4B91}.Debug|Any CPU.ActiveCfg = Debug|Any CPU
		{24054B60-1E65-4BE1-A19B-F9C2D83A4B91}.Debug|Any CPU.Build.0 = Debug|Any CPU
		{24054B60-1E65-4BE1-A19B-F9C2D83A4B91}.Release|Any CPU.ActiveCfg = Release|Any CPU
		{24054B60-1E65-4BE1-A19B-F9C2D83A4B91}.Release|Any CPU.Build.0 = Release|Any CPU
		{63C17E1B-CFA8-47DF-AF9E-0295E94A3988}.Debug|Any CPU.ActiveCfg = Debug|Any CPU
		{63C17E1B-CFA8-47DF-AF9E-0295E94A3988}.Debug|Any CPU.Build.0 = Debug|Any CPU
		{63C17E1B-CFA8-47DF-AF9E-0295E94A3988}.Release|Any CPU.ActiveCfg = Release|Any CPU
		{63C17E1B-CFA8-47DF-AF9E-0295E94A3988}.Release|Any CPU.Build.0 = Release|Any CPU
		{22C94BEA-990C-424C-833F-A2EF56E3F3C0}.Debug|Any CPU.ActiveCfg = Debug|Any CPU
		{22C94BEA-990C-424C-833F-A2EF56E3F3C0}.Debug|Any CPU.Build.0 = Debug|Any CPU
		{22C94BEA-990C-424C-833F-A2EF56E3F3C0}.Release|Any CPU.ActiveCfg = Release|Any CPU
		{22C94BEA-990C-424C-833F-A2EF56E3F3C0}.Release|Any CPU.Build.0 = Release|Any CPU
		{491677A6-28A9-4A63-BC7C-B077706F43DE}.Debug|Any CPU.ActiveCfg = Debug|Any CPU
		{491677A6-28A9-4A63-BC7C-B077706F43DE}.Debug|Any CPU.Build.0 = Debug|Any CPU
		{491677A6-28A9-4A63-BC7C-B077706F43DE}.Release|Any CPU.ActiveCfg = Release|Any CPU
		{491677A6-28A9-4A63-BC7C-B077706F43DE}.Release|Any CPU.Build.0 = Release|Any CPU
		{EA1ED85C-1A0B-4F62-AECF-C9E8265B511F}.Debug|Any CPU.ActiveCfg = Debug|Any CPU
		{EA1ED85C-1A0B-4F62-AECF-C9E8265B511F}.Debug|Any CPU.Build.0 = Debug|Any CPU
		{EA1ED85C-1A0B-4F62-AECF-C9E8265B511F}.Release|Any CPU.ActiveCfg = Release|Any CPU
		{EA1ED85C-1A0B-4F62-AECF-C9E8265B511F}.Release|Any CPU.Build.0 = Release|Any CPU
	EndGlobalSection
	GlobalSection(SolutionProperties) = preSolution
		HideSolutionNode = FALSE
	EndGlobalSection
	GlobalSection(NestedProjects) = preSolution
		{35C4E14F-653A-4626-84B6-0487F0E55230} = {B75A0492-D825-4AC4-9710-C455AB2B0102}
	EndGlobalSection
EndGlobal
